
Microsoft Visual Studio Solution File, Format Version 12.00
# Visual Studio Version 16
VisualStudioVersion = 16.0.32228.343
MinimumVisualStudioVersion = 10.0.40219.1
Project("{FAE04EC0-301F-11D3-BF4B-00C04F79EFBC}") = "Demo01", "Demo01.csproj", "{0DA6E4DF-B83F-470A-93CC-4188A018CE4C}"
EndProject
Global
	GlobalSection(SolutionConfigurationPlatforms) = preSolution
		Debug|Any CPU = Debug|Any CPU
		Release|Any CPU = Release|Any CPU
	EndGlobalSection
	GlobalSection(ProjectConfigurationPlatforms) = postSolution
		{0DA6E4DF-B83F-470A-93CC-4188A018CE4C}.Debug|Any CPU.ActiveCfg = Debug|Any CPU
		{0DA6E4DF-B83F-470A-93CC-4188A018CE4C}.Debug|Any CPU.Build.0 = Debug|Any CPU
		{0DA6E4DF-B83F-470A-93CC-4188A018CE4C}.Release|Any CPU.ActiveCfg = Release|Any CPU
		{0DA6E4DF-B83F-470A-93CC-4188A018CE4C}.Release|Any CPU.Build.0 = Release|Any CPU
	EndGlobalSection
	GlobalSection(SolutionProperties) = preSolution
		HideSolutionNode = FALSE
	EndGlobalSection
	GlobalSection(ExtensibilityGlobals) = postSolution
		SolutionGuid = {1B8F8D33-DAC4-419B-A0D1-541BFB93BE9D}
	EndGlobalSection
EndGlobal
